
Microsoft Visual Studio Solution File, Format Version 12.00
# Visual Studio 15
VisualStudioVersion = 15.0.27703.2018
MinimumVisualStudioVersion = 10.0.40219.1
Project("{FAE04EC0-301F-11D3-BF4B-00C04F79EFBC}") = "BlockChain", "BlockChain\BlockChain.csproj", "{EFD5E2AD-5564-41B1-AD2A-A9D23BD963D7}"
EndProject
Project("{FAE04EC0-301F-11D3-BF4B-00C04F79EFBC}") = "RSA", "RSA\RSA.csproj", "{A3E34CAE-4E0D-4941-A2BC-2DCA4321417C}"
EndProject
Global
	GlobalSection(SolutionConfigurationPlatforms) = preSolution
		Debug|Any CPU = Debug|Any CPU
		Release|Any CPU = Release|Any CPU
	EndGlobalSection
	GlobalSection(ProjectConfigurationPlatforms) = postSolution
		{EFD5E2AD-5564-41B1-AD2A-A9D23BD963D7}.Debug|Any CPU.ActiveCfg = Debug|Any CPU
		{EFD5E2AD-5564-41B1-AD2A-A9D23BD963D7}.Debug|Any CPU.Build.0 = Debug|Any CPU
		{EFD5E2AD-5564-41B1-AD2A-A9D23BD963D7}.Release|Any CPU.ActiveCfg = Release|Any CPU
		{EFD5E2AD-5564-41B1-AD2A-A9D23BD963D7}.Release|Any CPU.Build.0 = Release|Any CPU
		{A3E34CAE-4E0D-4941-A2BC-2DCA4321417C}.Debug|Any CPU.ActiveCfg = Debug|Any CPU
		{A3E34CAE-4E0D-4941-A2BC-2DCA4321417C}.Debug|Any CPU.Build.0 = Debug|Any CPU
		{A3E34CAE-4E0D-4941-A2BC-2DCA4321417C}.Release|Any CPU.ActiveCfg = Release|Any CPU
		{A3E34CAE-4E0D-4941-A2BC-2DCA4321417C}.Release|Any CPU.Build.0 = Release|Any CPU
	EndGlobalSection
	GlobalSection(SolutionProperties) = preSolution
		HideSolutionNode = FALSE
	EndGlobalSection
	GlobalSection(ExtensibilityGlobals) = postSolution
		SolutionGuid = {9CF4C6F7-5449-42A0-B947-AC8150B0A3D7}
	EndGlobalSection
EndGlobal
